// !$*UTF8*$!
{
	archiveVersion = 1;
	classes = {
	};
	objectVersion = 48;
	objects = {

/* Begin PBXBuildFile section */
		339B78FB4611191102816589 /* Pods_IBMConvUITests.framework in Frameworks */ = {isa = PBXBuildFile; fileRef = 636EA6D2F782253648BFB1E1 /* Pods_IBMConvUITests.framework */; };
		3FF9EAC989360718A2EBF248 /* Pods_IBMConvTests.framework in Frameworks */ = {isa = PBXBuildFile; fileRef = 30D7AF593E8D3B6D9148739A /* Pods_IBMConvTests.framework */; };
		68E8443460225529C24D0987 /* Pods_IBMConv.framework in Frameworks */ = {isa = PBXBuildFile; fileRef = 535C66EFABB65155F967CDE2 /* Pods_IBMConv.framework */; };
		A52AC3911FF25C8D00632365 /* Credentials.swift in Sources */ = {isa = PBXBuildFile; fileRef = A52AC3901FF25C8D00632365 /* Credentials.swift */; };
		A52AC3951FF25DCB00632365 /* CredentialsExample.swift in Sources */ = {isa = PBXBuildFile; fileRef = A52AC3941FF25DCB00632365 /* CredentialsExample.swift */; };
		A5315A1C1FEC071F00294C79 /* Eureka.framework in Frameworks */ = {isa = PBXBuildFile; fileRef = A5315A1B1FEC071F00294C79 /* Eureka.framework */; };
		A5315A1E1FEC073000294C79 /* Eureka.framework in CopyFiles */ = {isa = PBXBuildFile; fileRef = A5315A1B1FEC071F00294C79 /* Eureka.framework */; settings = {ATTRIBUTES = (CodeSignOnCopy, RemoveHeadersOnCopy, ); }; };
		A5315A231FEC0B6F00294C79 /* RegisterViewController.swift in Sources */ = {isa = PBXBuildFile; fileRef = A5315A221FEC0B6F00294C79 /* RegisterViewController.swift */; };
		A5315A251FEC11EA00294C79 /* SwiftyButton.framework in Frameworks */ = {isa = PBXBuildFile; fileRef = A5315A241FEC11E900294C79 /* SwiftyButton.framework */; };
		A5315A261FEC11F700294C79 /* SwiftyButton.framework in CopyFiles */ = {isa = PBXBuildFile; fileRef = A5315A241FEC11E900294C79 /* SwiftyButton.framework */; settings = {ATTRIBUTES = (CodeSignOnCopy, RemoveHeadersOnCopy, ); }; };
		A591F4781FEC039300A3338B /* AppDelegate.swift in Sources */ = {isa = PBXBuildFile; fileRef = A591F4771FEC039300A3338B /* AppDelegate.swift */; };
		A591F47A1FEC039300A3338B /* HomeViewController.swift in Sources */ = {isa = PBXBuildFile; fileRef = A591F4791FEC039300A3338B /* HomeViewController.swift */; };
		A591F47D1FEC039300A3338B /* Main.storyboard in Resources */ = {isa = PBXBuildFile; fileRef = A591F47B1FEC039300A3338B /* Main.storyboard */; };
		A591F47F1FEC039300A3338B /* Assets.xcassets in Resources */ = {isa = PBXBuildFile; fileRef = A591F47E1FEC039300A3338B /* Assets.xcassets */; };
		A591F4821FEC039300A3338B /* LaunchScreen.storyboard in Resources */ = {isa = PBXBuildFile; fileRef = A591F4801FEC039300A3338B /* LaunchScreen.storyboard */; };
		A591F48D1FEC039300A3338B /* IBMConvTests.swift in Sources */ = {isa = PBXBuildFile; fileRef = A591F48C1FEC039300A3338B /* IBMConvTests.swift */; };
		A591F4981FEC039300A3338B /* IBMConvUITests.swift in Sources */ = {isa = PBXBuildFile; fileRef = A591F4971FEC039300A3338B /* IBMConvUITests.swift */; };
		A5A737E31FF1230D00D584AB /* LoginViewController.swift in Sources */ = {isa = PBXBuildFile; fileRef = A5A737E21FF1230D00D584AB /* LoginViewController.swift */; };
/* End PBXBuildFile section */

/* Begin PBXContainerItemProxy section */
		A591F4891FEC039300A3338B /* PBXContainerItemProxy */ = {
			isa = PBXContainerItemProxy;
			containerPortal = A591F46C1FEC039300A3338B /* Project object */;
			proxyType = 1;
			remoteGlobalIDString = A591F4731FEC039300A3338B;
			remoteInfo = IBMConv;
		};
		A591F4941FEC039300A3338B /* PBXContainerItemProxy */ = {
			isa = PBXContainerItemProxy;
			containerPortal = A591F46C1FEC039300A3338B /* Project object */;
			proxyType = 1;
			remoteGlobalIDString = A591F4731FEC039300A3338B;
			remoteInfo = IBMConv;
		};
/* End PBXContainerItemProxy section */

/* Begin PBXCopyFilesBuildPhase section */
		A5315A1D1FEC072600294C79 /* CopyFiles */ = {
			isa = PBXCopyFilesBuildPhase;
			buildActionMask = 2147483647;
			dstPath = "";
			dstSubfolderSpec = 10;
			files = (
				A5315A261FEC11F700294C79 /* SwiftyButton.framework in CopyFiles */,
				A5315A1E1FEC073000294C79 /* Eureka.framework in CopyFiles */,
			);
			runOnlyForDeploymentPostprocessing = 0;
		};
/* End PBXCopyFilesBuildPhase section */

/* Begin PBXFileReference section */
		04D1E92C35D83E30FE5AC567 /* Pods-IBMConvUITests.debug.xcconfig */ = {isa = PBXFileReference; includeInIndex = 1; lastKnownFileType = text.xcconfig; name = "Pods-IBMConvUITests.debug.xcconfig"; path = "Pods/Target Support Files/Pods-IBMConvUITests/Pods-IBMConvUITests.debug.xcconfig"; sourceTree = "<group>"; };
		30D7AF593E8D3B6D9148739A /* Pods_IBMConvTests.framework */ = {isa = PBXFileReference; explicitFileType = wrapper.framework; includeInIndex = 0; path = Pods_IBMConvTests.framework; sourceTree = BUILT_PRODUCTS_DIR; };
		36189A56B538D1CACDE6A978 /* Pods-IBMConvTests.release.xcconfig */ = {isa = PBXFileReference; includeInIndex = 1; lastKnownFileType = text.xcconfig; name = "Pods-IBMConvTests.release.xcconfig"; path = "Pods/Target Support Files/Pods-IBMConvTests/Pods-IBMConvTests.release.xcconfig"; sourceTree = "<group>"; };
		535C66EFABB65155F967CDE2 /* Pods_IBMConv.framework */ = {isa = PBXFileReference; explicitFileType = wrapper.framework; includeInIndex = 0; path = Pods_IBMConv.framework; sourceTree = BUILT_PRODUCTS_DIR; };
		636EA6D2F782253648BFB1E1 /* Pods_IBMConvUITests.framework */ = {isa = PBXFileReference; explicitFileType = wrapper.framework; includeInIndex = 0; path = Pods_IBMConvUITests.framework; sourceTree = BUILT_PRODUCTS_DIR; };
		74B09F3C8B524DFC41C0C748 /* Pods-IBMConv.release.xcconfig */ = {isa = PBXFileReference; includeInIndex = 1; lastKnownFileType = text.xcconfig; name = "Pods-IBMConv.release.xcconfig"; path = "Pods/Target Support Files/Pods-IBMConv/Pods-IBMConv.release.xcconfig"; sourceTree = "<group>"; };
		85752B19A3D79D1582B046A9 /* Pods-IBMConv.debug.xcconfig */ = {isa = PBXFileReference; includeInIndex = 1; lastKnownFileType = text.xcconfig; name = "Pods-IBMConv.debug.xcconfig"; path = "Pods/Target Support Files/Pods-IBMConv/Pods-IBMConv.debug.xcconfig"; sourceTree = "<group>"; };
		A52AC3901FF25C8D00632365 /* Credentials.swift */ = {isa = PBXFileReference; lastKnownFileType = sourcecode.swift; path = Credentials.swift; sourceTree = "<group>"; };
		A52AC3941FF25DCB00632365 /* CredentialsExample.swift */ = {isa = PBXFileReference; lastKnownFileType = sourcecode.swift; path = CredentialsExample.swift; sourceTree = "<group>"; };
		A5315A1B1FEC071F00294C79 /* Eureka.framework */ = {isa = PBXFileReference; lastKnownFileType = wrapper.framework; name = Eureka.framework; path = Carthage/Build/iOS/Eureka.framework; sourceTree = "<group>"; };
		A5315A221FEC0B6F00294C79 /* RegisterViewController.swift */ = {isa = PBXFileReference; lastKnownFileType = sourcecode.swift; path = RegisterViewController.swift; sourceTree = "<group>"; };
		A5315A241FEC11E900294C79 /* SwiftyButton.framework */ = {isa = PBXFileReference; lastKnownFileType = wrapper.framework; name = SwiftyButton.framework; path = Carthage/Build/iOS/SwiftyButton.framework; sourceTree = "<group>"; };
		A591F4741FEC039300A3338B /* IBMConv.app */ = {isa = PBXFileReference; explicitFileType = wrapper.application; includeInIndex = 0; path = IBMConv.app; sourceTree = BUILT_PRODUCTS_DIR; };
		A591F4771FEC039300A3338B /* AppDelegate.swift */ = {isa = PBXFileReference; lastKnownFileType = sourcecode.swift; path = AppDelegate.swift; sourceTree = "<group>"; };
		A591F4791FEC039300A3338B /* HomeViewController.swift */ = {isa = PBXFileReference; lastKnownFileType = sourcecode.swift; path = HomeViewController.swift; sourceTree = "<group>"; };
		A591F47C1FEC039300A3338B /* Base */ = {isa = PBXFileReference; lastKnownFileType = file.storyboard; name = Base; path = Base.lproj/Main.storyboard; sourceTree = "<group>"; };
		A591F47E1FEC039300A3338B /* Assets.xcassets */ = {isa = PBXFileReference; lastKnownFileType = folder.assetcatalog; path = Assets.xcassets; sourceTree = "<group>"; };
		A591F4811FEC039300A3338B /* Base */ = {isa = PBXFileReference; lastKnownFileType = file.storyboard; name = Base; path = Base.lproj/LaunchScreen.storyboard; sourceTree = "<group>"; };
		A591F4831FEC039300A3338B /* Info.plist */ = {isa = PBXFileReference; lastKnownFileType = text.plist.xml; path = Info.plist; sourceTree = "<group>"; };
		A591F4881FEC039300A3338B /* IBMConvTests.xctest */ = {isa = PBXFileReference; explicitFileType = wrapper.cfbundle; includeInIndex = 0; path = IBMConvTests.xctest; sourceTree = BUILT_PRODUCTS_DIR; };
		A591F48C1FEC039300A3338B /* IBMConvTests.swift */ = {isa = PBXFileReference; lastKnownFileType = sourcecode.swift; path = IBMConvTests.swift; sourceTree = "<group>"; };
		A591F48E1FEC039300A3338B /* Info.plist */ = {isa = PBXFileReference; lastKnownFileType = text.plist.xml; path = Info.plist; sourceTree = "<group>"; };
		A591F4931FEC039300A3338B /* IBMConvUITests.xctest */ = {isa = PBXFileReference; explicitFileType = wrapper.cfbundle; includeInIndex = 0; path = IBMConvUITests.xctest; sourceTree = BUILT_PRODUCTS_DIR; };
		A591F4971FEC039300A3338B /* IBMConvUITests.swift */ = {isa = PBXFileReference; lastKnownFileType = sourcecode.swift; path = IBMConvUITests.swift; sourceTree = "<group>"; };
		A591F4991FEC039300A3338B /* Info.plist */ = {isa = PBXFileReference; lastKnownFileType = text.plist.xml; path = Info.plist; sourceTree = "<group>"; };
		A5A737E21FF1230D00D584AB /* LoginViewController.swift */ = {isa = PBXFileReference; lastKnownFileType = sourcecode.swift; path = LoginViewController.swift; sourceTree = "<group>"; };
		A8AB87FFC4B4ED0035FA8231 /* Pods-IBMConvTests.debug.xcconfig */ = {isa = PBXFileReference; includeInIndex = 1; lastKnownFileType = text.xcconfig; name = "Pods-IBMConvTests.debug.xcconfig"; path = "Pods/Target Support Files/Pods-IBMConvTests/Pods-IBMConvTests.debug.xcconfig"; sourceTree = "<group>"; };
		EC0B442ACFB4769268B572A0 /* Pods-IBMConvUITests.release.xcconfig */ = {isa = PBXFileReference; includeInIndex = 1; lastKnownFileType = text.xcconfig; name = "Pods-IBMConvUITests.release.xcconfig"; path = "Pods/Target Support Files/Pods-IBMConvUITests/Pods-IBMConvUITests.release.xcconfig"; sourceTree = "<group>"; };
/* End PBXFileReference section */

/* Begin PBXFrameworksBuildPhase section */
		A591F4711FEC039300A3338B /* Frameworks */ = {
			isa = PBXFrameworksBuildPhase;
			buildActionMask = 2147483647;
			files = (
				A5315A251FEC11EA00294C79 /* SwiftyButton.framework in Frameworks */,
				A5315A1C1FEC071F00294C79 /* Eureka.framework in Frameworks */,
				68E8443460225529C24D0987 /* Pods_IBMConv.framework in Frameworks */,
			);
			runOnlyForDeploymentPostprocessing = 0;
		};
		A591F4851FEC039300A3338B /* Frameworks */ = {
			isa = PBXFrameworksBuildPhase;
			buildActionMask = 2147483647;
			files = (
				3FF9EAC989360718A2EBF248 /* Pods_IBMConvTests.framework in Frameworks */,
			);
			runOnlyForDeploymentPostprocessing = 0;
		};
		A591F4901FEC039300A3338B /* Frameworks */ = {
			isa = PBXFrameworksBuildPhase;
			buildActionMask = 2147483647;
			files = (
				339B78FB4611191102816589 /* Pods_IBMConvUITests.framework in Frameworks */,
			);
			runOnlyForDeploymentPostprocessing = 0;
		};
/* End PBXFrameworksBuildPhase section */

/* Begin PBXGroup section */
		1D91FA8A5FC7769A60172E16 /* Frameworks */ = {
			isa = PBXGroup;
			children = (
				A5315A241FEC11E900294C79 /* SwiftyButton.framework */,
				A5315A1B1FEC071F00294C79 /* Eureka.framework */,
				535C66EFABB65155F967CDE2 /* Pods_IBMConv.framework */,
				30D7AF593E8D3B6D9148739A /* Pods_IBMConvTests.framework */,
				636EA6D2F782253648BFB1E1 /* Pods_IBMConvUITests.framework */,
			);
			name = Frameworks;
			sourceTree = "<group>";
		};
		3A0044FF22966BBD30B0028A /* Pods */ = {
			isa = PBXGroup;
			children = (
				85752B19A3D79D1582B046A9 /* Pods-IBMConv.debug.xcconfig */,
				74B09F3C8B524DFC41C0C748 /* Pods-IBMConv.release.xcconfig */,
				A8AB87FFC4B4ED0035FA8231 /* Pods-IBMConvTests.debug.xcconfig */,
				36189A56B538D1CACDE6A978 /* Pods-IBMConvTests.release.xcconfig */,
				04D1E92C35D83E30FE5AC567 /* Pods-IBMConvUITests.debug.xcconfig */,
				EC0B442ACFB4769268B572A0 /* Pods-IBMConvUITests.release.xcconfig */,
			);
			name = Pods;
			sourceTree = "<group>";
		};
		A5315A1F1FEC0B0300294C79 /* ViewController */ = {
			isa = PBXGroup;
			children = (
				A591F4791FEC039300A3338B /* HomeViewController.swift */,
				A5315A221FEC0B6F00294C79 /* RegisterViewController.swift */,
				A5A737E21FF1230D00D584AB /* LoginViewController.swift */,
			);
			path = ViewController;
			sourceTree = "<group>";
		};
		A591F46B1FEC039300A3338B = {
			isa = PBXGroup;
			children = (
				A591F4761FEC039300A3338B /* IBMConv */,
				A591F48B1FEC039300A3338B /* IBMConvTests */,
				A591F4961FEC039300A3338B /* IBMConvUITests */,
				A591F4751FEC039300A3338B /* Products */,
				3A0044FF22966BBD30B0028A /* Pods */,
				1D91FA8A5FC7769A60172E16 /* Frameworks */,
			);
			sourceTree = "<group>";
		};
		A591F4751FEC039300A3338B /* Products */ = {
			isa = PBXGroup;
			children = (
				A591F4741FEC039300A3338B /* IBMConv.app */,
				A591F4881FEC039300A3338B /* IBMConvTests.xctest */,
				A591F4931FEC039300A3338B /* IBMConvUITests.xctest */,
			);
			name = Products;
			sourceTree = "<group>";
		};
		A591F4761FEC039300A3338B /* IBMConv */ = {
			isa = PBXGroup;
			children = (
				A5315A1F1FEC0B0300294C79 /* ViewController */,
				A591F4771FEC039300A3338B /* AppDelegate.swift */,
				A591F47B1FEC039300A3338B /* Main.storyboard */,
				A591F47E1FEC039300A3338B /* Assets.xcassets */,
				A591F4801FEC039300A3338B /* LaunchScreen.storyboard */,
				A591F4831FEC039300A3338B /* Info.plist */,
				A52AC3941FF25DCB00632365 /* CredentialsExample.swift */,
				A52AC3901FF25C8D00632365 /* Credentials.swift */,
			);
			path = IBMConv;
			sourceTree = "<group>";
		};
		A591F48B1FEC039300A3338B /* IBMConvTests */ = {
			isa = PBXGroup;
			children = (
				A591F48C1FEC039300A3338B /* IBMConvTests.swift */,
				A591F48E1FEC039300A3338B /* Info.plist */,
			);
			path = IBMConvTests;
			sourceTree = "<group>";
		};
		A591F4961FEC039300A3338B /* IBMConvUITests */ = {
			isa = PBXGroup;
			children = (
				A591F4971FEC039300A3338B /* IBMConvUITests.swift */,
				A591F4991FEC039300A3338B /* Info.plist */,
			);
			path = IBMConvUITests;
			sourceTree = "<group>";
		};
/* End PBXGroup section */

/* Begin PBXNativeTarget section */
		A591F4731FEC039300A3338B /* IBMConv */ = {
			isa = PBXNativeTarget;
			buildConfigurationList = A591F49C1FEC039300A3338B /* Build configuration list for PBXNativeTarget "IBMConv" */;
			buildPhases = (
				099041715169A69A4267CA37 /* [CP] Check Pods Manifest.lock */,
				A591F4701FEC039300A3338B /* Sources */,
				A591F4711FEC039300A3338B /* Frameworks */,
				A591F4721FEC039300A3338B /* Resources */,
				4A724653E8C579FB104756F6 /* [CP] Embed Pods Frameworks */,
				66E7C82D1657F68FEA84F04E /* [CP] Copy Pods Resources */,
				A5315A1D1FEC072600294C79 /* CopyFiles */,
			);
			buildRules = (
			);
			dependencies = (
			);
			name = IBMConv;
			productName = IBMConv;
			productReference = A591F4741FEC039300A3338B /* IBMConv.app */;
			productType = "com.apple.product-type.application";
		};
		A591F4871FEC039300A3338B /* IBMConvTests */ = {
			isa = PBXNativeTarget;
			buildConfigurationList = A591F49F1FEC039300A3338B /* Build configuration list for PBXNativeTarget "IBMConvTests" */;
			buildPhases = (
				55B8284910950F9EDB762E1C /* [CP] Check Pods Manifest.lock */,
				A591F4841FEC039300A3338B /* Sources */,
				A591F4851FEC039300A3338B /* Frameworks */,
				A591F4861FEC039300A3338B /* Resources */,
				71EDAB72F7B57002E0078F23 /* [CP] Embed Pods Frameworks */,
				535D35FA27C27D52FFA40D6F /* [CP] Copy Pods Resources */,
			);
			buildRules = (
			);
			dependencies = (
				A591F48A1FEC039300A3338B /* PBXTargetDependency */,
			);
			name = IBMConvTests;
			productName = IBMConvTests;
			productReference = A591F4881FEC039300A3338B /* IBMConvTests.xctest */;
			productType = "com.apple.product-type.bundle.unit-test";
		};
		A591F4921FEC039300A3338B /* IBMConvUITests */ = {
			isa = PBXNativeTarget;
			buildConfigurationList = A591F4A21FEC039300A3338B /* Build configuration list for PBXNativeTarget "IBMConvUITests" */;
			buildPhases = (
				4070FCE88DC791C77D8699FA /* [CP] Check Pods Manifest.lock */,
				A591F48F1FEC039300A3338B /* Sources */,
				A591F4901FEC039300A3338B /* Frameworks */,
				A591F4911FEC039300A3338B /* Resources */,
				057E694B5F8CFE284C39C29B /* [CP] Embed Pods Frameworks */,
				26B65BAB27A977DC799202FE /* [CP] Copy Pods Resources */,
			);
			buildRules = (
			);
			dependencies = (
				A591F4951FEC039300A3338B /* PBXTargetDependency */,
			);
			name = IBMConvUITests;
			productName = IBMConvUITests;
			productReference = A591F4931FEC039300A3338B /* IBMConvUITests.xctest */;
			productType = "com.apple.product-type.bundle.ui-testing";
		};
/* End PBXNativeTarget section */

/* Begin PBXProject section */
		A591F46C1FEC039300A3338B /* Project object */ = {
			isa = PBXProject;
			attributes = {
				LastSwiftUpdateCheck = 0920;
				LastUpgradeCheck = 0920;
				ORGANIZATIONNAME = GOLFIER;
				TargetAttributes = {
					A591F4731FEC039300A3338B = {
						CreatedOnToolsVersion = 9.2;
						LastSwiftMigration = 0920;
						ProvisioningStyle = Automatic;
					};
					A591F4871FEC039300A3338B = {
						CreatedOnToolsVersion = 9.2;
						ProvisioningStyle = Automatic;
						TestTargetID = A591F4731FEC039300A3338B;
					};
					A591F4921FEC039300A3338B = {
						CreatedOnToolsVersion = 9.2;
						ProvisioningStyle = Automatic;
						TestTargetID = A591F4731FEC039300A3338B;
					};
				};
			};
			buildConfigurationList = A591F46F1FEC039300A3338B /* Build configuration list for PBXProject "IBMConv" */;
			compatibilityVersion = "Xcode 8.0";
			developmentRegion = en;
			hasScannedForEncodings = 0;
			knownRegions = (
				en,
				Base,
			);
			mainGroup = A591F46B1FEC039300A3338B;
			productRefGroup = A591F4751FEC039300A3338B /* Products */;
			projectDirPath = "";
			projectRoot = "";
			targets = (
				A591F4731FEC039300A3338B /* IBMConv */,
				A591F4871FEC039300A3338B /* IBMConvTests */,
				A591F4921FEC039300A3338B /* IBMConvUITests */,
			);
		};
/* End PBXProject section */

/* Begin PBXResourcesBuildPhase section */
		A591F4721FEC039300A3338B /* Resources */ = {
			isa = PBXResourcesBuildPhase;
			buildActionMask = 2147483647;
			files = (
				A591F4821FEC039300A3338B /* LaunchScreen.storyboard in Resources */,
				A591F47F1FEC039300A3338B /* Assets.xcassets in Resources */,
				A591F47D1FEC039300A3338B /* Main.storyboard in Resources */,
			);
			runOnlyForDeploymentPostprocessing = 0;
		};
		A591F4861FEC039300A3338B /* Resources */ = {
			isa = PBXResourcesBuildPhase;
			buildActionMask = 2147483647;
			files = (
			);
			runOnlyForDeploymentPostprocessing = 0;
		};
		A591F4911FEC039300A3338B /* Resources */ = {
			isa = PBXResourcesBuildPhase;
			buildActionMask = 2147483647;
			files = (
			);
			runOnlyForDeploymentPostprocessing = 0;
		};
/* End PBXResourcesBuildPhase section */

/* Begin PBXShellScriptBuildPhase section */
		057E694B5F8CFE284C39C29B /* [CP] Embed Pods Frameworks */ = {
			isa = PBXShellScriptBuildPhase;
			buildActionMask = 2147483647;
			files = (
			);
			inputPaths = (
			);
			name = "[CP] Embed Pods Frameworks";
			outputPaths = (
			);
			runOnlyForDeploymentPostprocessing = 0;
			shellPath = /bin/sh;
			shellScript = "\"${SRCROOT}/Pods/Target Support Files/Pods-IBMConvUITests/Pods-IBMConvUITests-frameworks.sh\"\n";
			showEnvVarsInLog = 0;
		};
		099041715169A69A4267CA37 /* [CP] Check Pods Manifest.lock */ = {
			isa = PBXShellScriptBuildPhase;
			buildActionMask = 2147483647;
			files = (
			);
			inputPaths = (
				"${PODS_PODFILE_DIR_PATH}/Podfile.lock",
				"${PODS_ROOT}/Manifest.lock",
			);
			name = "[CP] Check Pods Manifest.lock";
			outputPaths = (
				"$(DERIVED_FILE_DIR)/Pods-IBMConv-checkManifestLockResult.txt",
			);
			runOnlyForDeploymentPostprocessing = 0;
			shellPath = /bin/sh;
			shellScript = "diff \"${PODS_PODFILE_DIR_PATH}/Podfile.lock\" \"${PODS_ROOT}/Manifest.lock\" > /dev/null\nif [ $? != 0 ] ; then\n    # print error to STDERR\n    echo \"error: The sandbox is not in sync with the Podfile.lock. Run 'pod install' or update your CocoaPods installation.\" >&2\n    exit 1\nfi\n# This output is used by Xcode 'outputs' to avoid re-running this script phase.\necho \"SUCCESS\" > \"${SCRIPT_OUTPUT_FILE_0}\"\n";
			showEnvVarsInLog = 0;
		};
		26B65BAB27A977DC799202FE /* [CP] Copy Pods Resources */ = {
			isa = PBXShellScriptBuildPhase;
			buildActionMask = 2147483647;
			files = (
			);
			inputPaths = (
			);
			name = "[CP] Copy Pods Resources";
			outputPaths = (
			);
			runOnlyForDeploymentPostprocessing = 0;
			shellPath = /bin/sh;
			shellScript = "\"${SRCROOT}/Pods/Target Support Files/Pods-IBMConvUITests/Pods-IBMConvUITests-resources.sh\"\n";
			showEnvVarsInLog = 0;
		};
		4070FCE88DC791C77D8699FA /* [CP] Check Pods Manifest.lock */ = {
			isa = PBXShellScriptBuildPhase;
			buildActionMask = 2147483647;
			files = (
			);
			inputPaths = (
				"${PODS_PODFILE_DIR_PATH}/Podfile.lock",
				"${PODS_ROOT}/Manifest.lock",
			);
			name = "[CP] Check Pods Manifest.lock";
			outputPaths = (
				"$(DERIVED_FILE_DIR)/Pods-IBMConvUITests-checkManifestLockResult.txt",
			);
			runOnlyForDeploymentPostprocessing = 0;
			shellPath = /bin/sh;
			shellScript = "diff \"${PODS_PODFILE_DIR_PATH}/Podfile.lock\" \"${PODS_ROOT}/Manifest.lock\" > /dev/null\nif [ $? != 0 ] ; then\n    # print error to STDERR\n    echo \"error: The sandbox is not in sync with the Podfile.lock. Run 'pod install' or update your CocoaPods installation.\" >&2\n    exit 1\nfi\n# This output is used by Xcode 'outputs' to avoid re-running this script phase.\necho \"SUCCESS\" > \"${SCRIPT_OUTPUT_FILE_0}\"\n";
			showEnvVarsInLog = 0;
		};
		4A724653E8C579FB104756F6 /* [CP] Embed Pods Frameworks */ = {
			isa = PBXShellScriptBuildPhase;
			buildActionMask = 2147483647;
			files = (
			);
			inputPaths = (
				"${SRCROOT}/Pods/Target Support Files/Pods-IBMConv/Pods-IBMConv-frameworks.sh",
				"${BUILT_PRODUCTS_DIR}/SwiftCloudant/SwiftCloudant.framework",
			);
			name = "[CP] Embed Pods Frameworks";
			outputPaths = (
				"${TARGET_BUILD_DIR}/${FRAMEWORKS_FOLDER_PATH}/SwiftCloudant.framework",
			);
			runOnlyForDeploymentPostprocessing = 0;
			shellPath = /bin/sh;
			shellScript = "\"${SRCROOT}/Pods/Target Support Files/Pods-IBMConv/Pods-IBMConv-frameworks.sh\"\n";
			showEnvVarsInLog = 0;
		};
		535D35FA27C27D52FFA40D6F /* [CP] Copy Pods Resources */ = {
			isa = PBXShellScriptBuildPhase;
			buildActionMask = 2147483647;
			files = (
			);
			inputPaths = (
			);
			name = "[CP] Copy Pods Resources";
			outputPaths = (
			);
			runOnlyForDeploymentPostprocessing = 0;
			shellPath = /bin/sh;
			shellScript = "\"${SRCROOT}/Pods/Target Support Files/Pods-IBMConvTests/Pods-IBMConvTests-resources.sh\"\n";
			showEnvVarsInLog = 0;
		};
		55B8284910950F9EDB762E1C /* [CP] Check Pods Manifest.lock */ = {
			isa = PBXShellScriptBuildPhase;
			buildActionMask = 2147483647;
			files = (
			);
			inputPaths = (
				"${PODS_PODFILE_DIR_PATH}/Podfile.lock",
				"${PODS_ROOT}/Manifest.lock",
			);
			name = "[CP] Check Pods Manifest.lock";
			outputPaths = (
				"$(DERIVED_FILE_DIR)/Pods-IBMConvTests-checkManifestLockResult.txt",
			);
			runOnlyForDeploymentPostprocessing = 0;
			shellPath = /bin/sh;
			shellScript = "diff \"${PODS_PODFILE_DIR_PATH}/Podfile.lock\" \"${PODS_ROOT}/Manifest.lock\" > /dev/null\nif [ $? != 0 ] ; then\n    # print error to STDERR\n    echo \"error: The sandbox is not in sync with the Podfile.lock. Run 'pod install' or update your CocoaPods installation.\" >&2\n    exit 1\nfi\n# This output is used by Xcode 'outputs' to avoid re-running this script phase.\necho \"SUCCESS\" > \"${SCRIPT_OUTPUT_FILE_0}\"\n";
			showEnvVarsInLog = 0;
		};
		66E7C82D1657F68FEA84F04E /* [CP] Copy Pods Resources */ = {
			isa = PBXShellScriptBuildPhase;
			buildActionMask = 2147483647;
			files = (
			);
			inputPaths = (
			);
			name = "[CP] Copy Pods Resources";
			outputPaths = (
			);
			runOnlyForDeploymentPostprocessing = 0;
			shellPath = /bin/sh;
			shellScript = "\"${SRCROOT}/Pods/Target Support Files/Pods-IBMConv/Pods-IBMConv-resources.sh\"\n";
			showEnvVarsInLog = 0;
		};
		71EDAB72F7B57002E0078F23 /* [CP] Embed Pods Frameworks */ = {
			isa = PBXShellScriptBuildPhase;
			buildActionMask = 2147483647;
			files = (
			);
			inputPaths = (
			);
			name = "[CP] Embed Pods Frameworks";
			outputPaths = (
			);
			runOnlyForDeploymentPostprocessing = 0;
			shellPath = /bin/sh;
			shellScript = "\"${SRCROOT}/Pods/Target Support Files/Pods-IBMConvTests/Pods-IBMConvTests-frameworks.sh\"\n";
			showEnvVarsInLog = 0;
		};
/* End PBXShellScriptBuildPhase section */

/* Begin PBXSourcesBuildPhase section */
		A591F4701FEC039300A3338B /* Sources */ = {
			isa = PBXSourcesBuildPhase;
			buildActionMask = 2147483647;
			files = (
				A5A737E31FF1230D00D584AB /* LoginViewController.swift in Sources */,
				A52AC3951FF25DCB00632365 /* CredentialsExample.swift in Sources */,
				A591F47A1FEC039300A3338B /* HomeViewController.swift in Sources */,
				A591F4781FEC039300A3338B /* AppDelegate.swift in Sources */,
				A52AC3911FF25C8D00632365 /* Credentials.swift in Sources */,
				A5315A231FEC0B6F00294C79 /* RegisterViewController.swift in Sources */,
			);
			runOnlyForDeploymentPostprocessing = 0;
		};
		A591F4841FEC039300A3338B /* Sources */ = {
			isa = PBXSourcesBuildPhase;
			buildActionMask = 2147483647;
			files = (
				A591F48D1FEC039300A3338B /* IBMConvTests.swift in Sources */,
			);
			runOnlyForDeploymentPostprocessing = 0;
		};
		A591F48F1FEC039300A3338B /* Sources */ = {
			isa = PBXSourcesBuildPhase;
			buildActionMask = 2147483647;
			files = (
				A591F4981FEC039300A3338B /* IBMConvUITests.swift in Sources */,
			);
			runOnlyForDeploymentPostprocessing = 0;
		};
/* End PBXSourcesBuildPhase section */

/* Begin PBXTargetDependency section */
		A591F48A1FEC039300A3338B /* PBXTargetDependency */ = {
			isa = PBXTargetDependency;
			target = A591F4731FEC039300A3338B /* IBMConv */;
			targetProxy = A591F4891FEC039300A3338B /* PBXContainerItemProxy */;
		};
		A591F4951FEC039300A3338B /* PBXTargetDependency */ = {
			isa = PBXTargetDependency;
			target = A591F4731FEC039300A3338B /* IBMConv */;
			targetProxy = A591F4941FEC039300A3338B /* PBXContainerItemProxy */;
		};
/* End PBXTargetDependency section */

/* Begin PBXVariantGroup section */
		A591F47B1FEC039300A3338B /* Main.storyboard */ = {
			isa = PBXVariantGroup;
			children = (
				A591F47C1FEC039300A3338B /* Base */,
			);
			name = Main.storyboard;
			sourceTree = "<group>";
		};
		A591F4801FEC039300A3338B /* LaunchScreen.storyboard */ = {
			isa = PBXVariantGroup;
			children = (
				A591F4811FEC039300A3338B /* Base */,
			);
			name = LaunchScreen.storyboard;
			sourceTree = "<group>";
		};
/* End PBXVariantGroup section */

/* Begin XCBuildConfiguration section */
		A591F49A1FEC039300A3338B /* Debug */ = {
			isa = XCBuildConfiguration;
			buildSettings = {
				ALWAYS_SEARCH_USER_PATHS = NO;
				CLANG_ANALYZER_NONNULL = YES;
				CLANG_ANALYZER_NUMBER_OBJECT_CONVERSION = YES_AGGRESSIVE;
				CLANG_CXX_LANGUAGE_STANDARD = "gnu++14";
				CLANG_CXX_LIBRARY = "libc++";
				CLANG_ENABLE_MODULES = YES;
				CLANG_ENABLE_OBJC_ARC = YES;
				CLANG_WARN_BLOCK_CAPTURE_AUTORELEASING = YES;
				CLANG_WARN_BOOL_CONVERSION = YES;
				CLANG_WARN_COMMA = YES;
				CLANG_WARN_CONSTANT_CONVERSION = YES;
				CLANG_WARN_DIRECT_OBJC_ISA_USAGE = YES_ERROR;
				CLANG_WARN_DOCUMENTATION_COMMENTS = YES;
				CLANG_WARN_EMPTY_BODY = YES;
				CLANG_WARN_ENUM_CONVERSION = YES;
				CLANG_WARN_INFINITE_RECURSION = YES;
				CLANG_WARN_INT_CONVERSION = YES;
				CLANG_WARN_NON_LITERAL_NULL_CONVERSION = YES;
				CLANG_WARN_OBJC_LITERAL_CONVERSION = YES;
				CLANG_WARN_OBJC_ROOT_CLASS = YES_ERROR;
				CLANG_WARN_RANGE_LOOP_ANALYSIS = YES;
				CLANG_WARN_STRICT_PROTOTYPES = YES;
				CLANG_WARN_SUSPICIOUS_MOVE = YES;
				CLANG_WARN_UNGUARDED_AVAILABILITY = YES_AGGRESSIVE;
				CLANG_WARN_UNREACHABLE_CODE = YES;
				CLANG_WARN__DUPLICATE_METHOD_MATCH = YES;
				CODE_SIGN_IDENTITY = "iPhone Developer";
				COPY_PHASE_STRIP = NO;
				DEBUG_INFORMATION_FORMAT = dwarf;
				ENABLE_STRICT_OBJC_MSGSEND = YES;
				ENABLE_TESTABILITY = YES;
				GCC_C_LANGUAGE_STANDARD = gnu11;
				GCC_DYNAMIC_NO_PIC = NO;
				GCC_NO_COMMON_BLOCKS = YES;
				GCC_OPTIMIZATION_LEVEL = 0;
				GCC_PREPROCESSOR_DEFINITIONS = (
					"DEBUG=1",
					"$(inherited)",
				);
				GCC_WARN_64_TO_32_BIT_CONVERSION = YES;
				GCC_WARN_ABOUT_RETURN_TYPE = YES_ERROR;
				GCC_WARN_UNDECLARED_SELECTOR = YES;
				GCC_WARN_UNINITIALIZED_AUTOS = YES_AGGRESSIVE;
				GCC_WARN_UNUSED_FUNCTION = YES;
				GCC_WARN_UNUSED_VARIABLE = YES;
				IPHONEOS_DEPLOYMENT_TARGET = 11.2;
				MTL_ENABLE_DEBUG_INFO = YES;
				ONLY_ACTIVE_ARCH = YES;
				SDKROOT = iphoneos;
				SWIFT_ACTIVE_COMPILATION_CONDITIONS = DEBUG;
				SWIFT_OPTIMIZATION_LEVEL = "-Onone";
			};
			name = Debug;
		};
		A591F49B1FEC039300A3338B /* Release */ = {
			isa = XCBuildConfiguration;
			buildSettings = {
				ALWAYS_SEARCH_USER_PATHS = NO;
				CLANG_ANALYZER_NONNULL = YES;
				CLANG_ANALYZER_NUMBER_OBJECT_CONVERSION = YES_AGGRESSIVE;
				CLANG_CXX_LANGUAGE_STANDARD = "gnu++14";
				CLANG_CXX_LIBRARY = "libc++";
				CLANG_ENABLE_MODULES = YES;
				CLANG_ENABLE_OBJC_ARC = YES;
				CLANG_WARN_BLOCK_CAPTURE_AUTORELEASING = YES;
				CLANG_WARN_BOOL_CONVERSION = YES;
				CLANG_WARN_COMMA = YES;
				CLANG_WARN_CONSTANT_CONVERSION = YES;
				CLANG_WARN_DIRECT_OBJC_ISA_USAGE = YES_ERROR;
				CLANG_WARN_DOCUMENTATION_COMMENTS = YES;
				CLANG_WARN_EMPTY_BODY = YES;
				CLANG_WARN_ENUM_CONVERSION = YES;
				CLANG_WARN_INFINITE_RECURSION = YES;
				CLANG_WARN_INT_CONVERSION = YES;
				CLANG_WARN_NON_LITERAL_NULL_CONVERSION = YES;
				CLANG_WARN_OBJC_LITERAL_CONVERSION = YES;
				CLANG_WARN_OBJC_ROOT_CLASS = YES_ERROR;
				CLANG_WARN_RANGE_LOOP_ANALYSIS = YES;
				CLANG_WARN_STRICT_PROTOTYPES = YES;
				CLANG_WARN_SUSPICIOUS_MOVE = YES;
				CLANG_WARN_UNGUARDED_AVAILABILITY = YES_AGGRESSIVE;
				CLANG_WARN_UNREACHABLE_CODE = YES;
				CLANG_WARN__DUPLICATE_METHOD_MATCH = YES;
				CODE_SIGN_IDENTITY = "iPhone Developer";
				COPY_PHASE_STRIP = NO;
				DEBUG_INFORMATION_FORMAT = "dwarf-with-dsym";
				ENABLE_NS_ASSERTIONS = NO;
				ENABLE_STRICT_OBJC_MSGSEND = YES;
				GCC_C_LANGUAGE_STANDARD = gnu11;
				GCC_NO_COMMON_BLOCKS = YES;
				GCC_WARN_64_TO_32_BIT_CONVERSION = YES;
				GCC_WARN_ABOUT_RETURN_TYPE = YES_ERROR;
				GCC_WARN_UNDECLARED_SELECTOR = YES;
				GCC_WARN_UNINITIALIZED_AUTOS = YES_AGGRESSIVE;
				GCC_WARN_UNUSED_FUNCTION = YES;
				GCC_WARN_UNUSED_VARIABLE = YES;
				IPHONEOS_DEPLOYMENT_TARGET = 11.2;
				MTL_ENABLE_DEBUG_INFO = NO;
				SDKROOT = iphoneos;
				SWIFT_OPTIMIZATION_LEVEL = "-Owholemodule";
				VALIDATE_PRODUCT = YES;
			};
			name = Release;
		};
		A591F49D1FEC039300A3338B /* Debug */ = {
			isa = XCBuildConfiguration;
			baseConfigurationReference = 85752B19A3D79D1582B046A9 /* Pods-IBMConv.debug.xcconfig */;
			buildSettings = {
				ASSETCATALOG_COMPILER_APPICON_NAME = AppIcon;
				CODE_SIGN_STYLE = Automatic;
				FRAMEWORK_SEARCH_PATHS = (
					"$(inherited)",
					"$(PROJECT_DIR)/Carthage/Build/iOS",
				);
				INFOPLIST_FILE = IBMConv/Info.plist;
				LD_RUNPATH_SEARCH_PATHS = "$(inherited) @executable_path/Frameworks";
				PRODUCT_BUNDLE_IDENTIFIER = maxime.golfier.IBMConv;
				PRODUCT_NAME = "$(TARGET_NAME)";
				SWIFT_SWIFT3_OBJC_INFERENCE = On;
				SWIFT_VERSION = 3.0;
				TARGETED_DEVICE_FAMILY = "1,2";
			};
			name = Debug;
		};
		A591F49E1FEC039300A3338B /* Release */ = {
			isa = XCBuildConfiguration;
			baseConfigurationReference = 74B09F3C8B524DFC41C0C748 /* Pods-IBMConv.release.xcconfig */;
			buildSettings = {
				ASSETCATALOG_COMPILER_APPICON_NAME = AppIcon;
				CODE_SIGN_STYLE = Automatic;
				FRAMEWORK_SEARCH_PATHS = (
					"$(inherited)",
					"$(PROJECT_DIR)/Carthage/Build/iOS",
				);
				INFOPLIST_FILE = IBMConv/Info.plist;
				LD_RUNPATH_SEARCH_PATHS = "$(inherited) @executable_path/Frameworks";
				PRODUCT_BUNDLE_IDENTIFIER = maxime.golfier.IBMConv;
				PRODUCT_NAME = "$(TARGET_NAME)";
				SWIFT_SWIFT3_OBJC_INFERENCE = On;
				SWIFT_VERSION = 3.0;
				TARGETED_DEVICE_FAMILY = "1,2";
			};
			name = Release;
		};
		A591F4A01FEC039300A3338B /* Debug */ = {
			isa = XCBuildConfiguration;
			baseConfigurationReference = A8AB87FFC4B4ED0035FA8231 /* Pods-IBMConvTests.debug.xcconfig */;
			buildSettings = {
				ALWAYS_EMBED_SWIFT_STANDARD_LIBRARIES = YES;
				BUNDLE_LOADER = "$(TEST_HOST)";
				CODE_SIGN_STYLE = Automatic;
				INFOPLIST_FILE = IBMConvTests/Info.plist;
				LD_RUNPATH_SEARCH_PATHS = "$(inherited) @executable_path/Frameworks @loader_path/Frameworks";
				PRODUCT_BUNDLE_IDENTIFIER = maxime.golfier.IBMConvTests;
				PRODUCT_NAME = "$(TARGET_NAME)";
				SWIFT_VERSION = 4.0;
				TARGETED_DEVICE_FAMILY = "1,2";
				TEST_HOST = "$(BUILT_PRODUCTS_DIR)/IBMConv.app/IBMConv";
			};
			name = Debug;
		};
		A591F4A11FEC039300A3338B /* Release */ = {
			isa = XCBuildConfiguration;
			baseConfigurationReference = 36189A56B538D1CACDE6A978 /* Pods-IBMConvTests.release.xcconfig */;
			buildSettings = {
				ALWAYS_EMBED_SWIFT_STANDARD_LIBRARIES = YES;
				BUNDLE_LOADER = "$(TEST_HOST)";
				CODE_SIGN_STYLE = Automatic;
				INFOPLIST_FILE = IBMConvTests/Info.plist;
				LD_RUNPATH_SEARCH_PATHS = "$(inherited) @executable_path/Frameworks @loader_path/Frameworks";
				PRODUCT_BUNDLE_IDENTIFIER = maxime.golfier.IBMConvTests;
				PRODUCT_NAME = "$(TARGET_NAME)";
				SWIFT_VERSION = 4.0;
				TARGETED_DEVICE_FAMILY = "1,2";
				TEST_HOST = "$(BUILT_PRODUCTS_DIR)/IBMConv.app/IBMConv";
			};
			name = Release;
		};
		A591F4A31FEC039300A3338B /* Debug */ = {
			isa = XCBuildConfiguration;
			baseConfigurationReference = 04D1E92C35D83E30FE5AC567 /* Pods-IBMConvUITests.debug.xcconfig */;
			buildSettings = {
				ALWAYS_EMBED_SWIFT_STANDARD_LIBRARIES = YES;
				CODE_SIGN_STYLE = Automatic;
				INFOPLIST_FILE = IBMConvUITests/Info.plist;
				LD_RUNPATH_SEARCH_PATHS = "$(inherited) @executable_path/Frameworks @loader_path/Frameworks";
				PRODUCT_BUNDLE_IDENTIFIER = maxime.golfier.IBMConvUITests;
				PRODUCT_NAME = "$(TARGET_NAME)";
				SWIFT_VERSION = 4.0;
				TARGETED_DEVICE_FAMILY = "1,2";
				TEST_TARGET_NAME = IBMConv;
			};
			name = Debug;
		};
		A591F4A41FEC039300A3338B /* Release */ = {
			isa = XCBuildConfiguration;
			baseConfigurationReference = EC0B442ACFB4769268B572A0 /* Pods-IBMConvUITests.release.xcconfig */;
			buildSettings = {
				ALWAYS_EMBED_SWIFT_STANDARD_LIBRARIES = YES;
				CODE_SIGN_STYLE = Automatic;
				INFOPLIST_FILE = IBMConvUITests/Info.plist;
				LD_RUNPATH_SEARCH_PATHS = "$(inherited) @executable_path/Frameworks @loader_path/Frameworks";
				PRODUCT_BUNDLE_IDENTIFIER = maxime.golfier.IBMConvUITests;
				PRODUCT_NAME = "$(TARGET_NAME)";
				SWIFT_VERSION = 4.0;
				TARGETED_DEVICE_FAMILY = "1,2";
				TEST_TARGET_NAME = IBMConv;
			};
			name = Release;
		};
/* End XCBuildConfiguration section */

/* Begin XCConfigurationList section */
		A591F46F1FEC039300A3338B /* Build configuration list for PBXProject "IBMConv" */ = {
			isa = XCConfigurationList;
			buildConfigurations = (
				A591F49A1FEC039300A3338B /* Debug */,
				A591F49B1FEC039300A3338B /* Release */,
			);
			defaultConfigurationIsVisible = 0;
			defaultConfigurationName = Release;
		};
		A591F49C1FEC039300A3338B /* Build configuration list for PBXNativeTarget "IBMConv" */ = {
			isa = XCConfigurationList;
			buildConfigurations = (
				A591F49D1FEC039300A3338B /* Debug */,
				A591F49E1FEC039300A3338B /* Release */,
			);
			defaultConfigurationIsVisible = 0;
			defaultConfigurationName = Release;
		};
		A591F49F1FEC039300A3338B /* Build configuration list for PBXNativeTarget "IBMConvTests" */ = {
			isa = XCConfigurationList;
			buildConfigurations = (
				A591F4A01FEC039300A3338B /* Debug */,
				A591F4A11FEC039300A3338B /* Release */,
			);
			defaultConfigurationIsVisible = 0;
			defaultConfigurationName = Release;
		};
		A591F4A21FEC039300A3338B /* Build configuration list for PBXNativeTarget "IBMConvUITests" */ = {
			isa = XCConfigurationList;
			buildConfigurations = (
				A591F4A31FEC039300A3338B /* Debug */,
				A591F4A41FEC039300A3338B /* Release */,
			);
			defaultConfigurationIsVisible = 0;
			defaultConfigurationName = Release;
		};
/* End XCConfigurationList section */
	};
	rootObject = A591F46C1FEC039300A3338B /* Project object */;
}
